{
  "nodes": {
    "nixpkgs": {
      "locked": {
        "lastModified": 1648496982,
        "narHash": "sha256-qju2YsxZt/WCFvBFyek7oBXZt3DE0qpduvq2c7zlrKA=",
        "owner": "nixos",
        "repo": "nixpkgs",
        "rev": "0e3d0d844e89da74081f0e77c1da36a2eb3a8ff7",
        "type": "github"
      },
      "original": {
        "owner": "nixos",
        "repo": "nixpkgs",
        "type": "github"
      }
    },
    "root": {
      "inputs": {
        "nixpkgs": "nixpkgs"
      }
    }
  },
  "root": "root",
  "version": 7
}
