{
  "nodes": {
    "nixpkgs": {
      "locked": {
        "lastModified": 1672657892,
        "narHash": "sha256-RGOXBWEHLnzfNxaul2r2VhqhudzXjR3gnRxacLT5lvA=",
        "owner": "nixos",
        "repo": "nixpkgs",
        "rev": "718eba0289831c676963f253b19aaf8129fa77d3",
        "type": "github"
      },
      "original": {
        "owner": "nixos",
        "repo": "nixpkgs",
        "type": "github"
      }
    },
    "root": {
      "inputs": {
        "nixpkgs": "nixpkgs"
      }
    }
  },
  "root": "root",
  "version": 7
}
