{
  "nodes": {
    "nixpkgs": {
      "locked": {
        "lastModified": 1734039690,
        "narHash": "sha256-mde44cFvbcVr/Ve2kx3PjyH19tIqToZ8uaMUZXjk7qM=",
        "owner": "nixos",
        "repo": "nixpkgs",
        "rev": "61a88accd588c3e2e2cb23bdfbc486bd81d7cb84",
        "type": "github"
      },
      "original": {
        "owner": "nixos",
        "repo": "nixpkgs",
        "type": "github"
      }
    },
    "root": {
      "inputs": {
        "nixpkgs": "nixpkgs"
      }
    }
  },
  "root": "root",
  "version": 7
}
